<?xml version="1.0" encoding="utf-8"?>
<Project ToolsVersion="17.0" xmlns="http://schemas.microsoft.com/developer/msbuild/2003">
  <ItemGroup>
    <CustomBuild Include="C:\Users\Administrator\source\repos\Axiom\CMakeFiles\7d359a7e108fd51fc1d5e146da1b7adf\generate.stamp.rule">
      <Filter>CMake Rules</Filter>
    </CustomBuild>
  </ItemGroup>
  <ItemGroup>
    <Filter Include="CMake Rules">
      <UniqueIdentifier>{3DF66070-117B-3E12-A0C9-DB950580B731}</UniqueIdentifier>
    </Filter>
  </ItemGroup>
</Project>
