
Microsoft Visual Studio Solution File, Format Version 12.00
# Visual Studio Version 17
Project("{2150E333-8FDC-42A3-9474-1A3956D46DE8}") = "CMakePredefinedTargets", "CMakePredefinedTargets", "{71201C17-0A80-3055-89FC-AD2E5F66A6DC}"
EndProject
Project("{8BC9CEB8-8B4A-11D0-8D11-00A0C91BC942}") = "ALL_BUILD", "ALL_BUILD.vcxproj", "{A78A1FBA-8706-3914-BD6D-F900CB40E821}"
	ProjectSection(ProjectDependencies) = postProject
		{509593F2-C2BF-3DE2-8AB4-48D94CC770C3} = {509593F2-C2BF-3DE2-8AB4-48D94CC770C3}
	EndProjectSection
EndProject
Project("{8BC9CEB8-8B4A-11D0-8D11-00A0C91BC942}") = "INSTALL", "INSTALL.vcxproj", "{D6DFBD54-7DCA-36AE-B538-848282B437B3}"
	ProjectSection(ProjectDependencies) = postProject
		{A78A1FBA-8706-3914-BD6D-F900CB40E821} = {A78A1FBA-8706-3914-BD6D-F900CB40E821}
		{509593F2-C2BF-3DE2-8AB4-48D94CC770C3} = {509593F2-C2BF-3DE2-8AB4-48D94CC770C3}
	EndProjectSection
EndProject
Project("{8BC9CEB8-8B4A-11D0-8D11-00A0C91BC942}") = "ZERO_CHECK", "..\\ZERO_CHECK.vcxproj", "{509593F2-C2BF-3DE2-8AB4-48D94CC770C3}"
	ProjectSection(ProjectDependencies) = postProject
	EndProjectSection
EndProject
Global
	GlobalSection(SolutionConfigurationPlatforms) = preSolution
		Debug|x64 = Debug|x64
		Release|x64 = Release|x64
		MinSizeRel|x64 = MinSizeRel|x64
		RelWithDebInfo|x64 = RelWithDebInfo|x64
	EndGlobalSection
	GlobalSection(ProjectConfigurationPlatforms) = postSolution
		{A78A1FBA-8706-3914-BD6D-F900CB40E821}.Debug|x64.ActiveCfg = Debug|x64
		{A78A1FBA-8706-3914-BD6D-F900CB40E821}.Debug|x64.Build.0 = Debug|x64
		{A78A1FBA-8706-3914-BD6D-F900CB40E821}.Release|x64.ActiveCfg = Release|x64
		{A78A1FBA-8706-3914-BD6D-F900CB40E821}.Release|x64.Build.0 = Release|x64
		{A78A1FBA-8706-3914-BD6D-F900CB40E821}.MinSizeRel|x64.ActiveCfg = MinSizeRel|x64
		{A78A1FBA-8706-3914-BD6D-F900CB40E821}.MinSizeRel|x64.Build.0 = MinSizeRel|x64
		{A78A1FBA-8706-3914-BD6D-F900CB40E821}.RelWithDebInfo|x64.ActiveCfg = RelWithDebInfo|x64
		{A78A1FBA-8706-3914-BD6D-F900CB40E821}.RelWithDebInfo|x64.Build.0 = RelWithDebInfo|x64
		{D6DFBD54-7DCA-36AE-B538-848282B437B3}.Debug|x64.ActiveCfg = Debug|x64
		{D6DFBD54-7DCA-36AE-B538-848282B437B3}.Release|x64.ActiveCfg = Release|x64
		{D6DFBD54-7DCA-36AE-B538-848282B437B3}.MinSizeRel|x64.ActiveCfg = MinSizeRel|x64
		{D6DFBD54-7DCA-36AE-B538-848282B437B3}.RelWithDebInfo|x64.ActiveCfg = RelWithDebInfo|x64
		{509593F2-C2BF-3DE2-8AB4-48D94CC770C3}.Debug|x64.ActiveCfg = Debug|x64
		{509593F2-C2BF-3DE2-8AB4-48D94CC770C3}.Debug|x64.Build.0 = Debug|x64
		{509593F2-C2BF-3DE2-8AB4-48D94CC770C3}.Release|x64.ActiveCfg = Release|x64
		{509593F2-C2BF-3DE2-8AB4-48D94CC770C3}.Release|x64.Build.0 = Release|x64
		{509593F2-C2BF-3DE2-8AB4-48D94CC770C3}.MinSizeRel|x64.ActiveCfg = MinSizeRel|x64
		{509593F2-C2BF-3DE2-8AB4-48D94CC770C3}.MinSizeRel|x64.Build.0 = MinSizeRel|x64
		{509593F2-C2BF-3DE2-8AB4-48D94CC770C3}.RelWithDebInfo|x64.ActiveCfg = RelWithDebInfo|x64
		{509593F2-C2BF-3DE2-8AB4-48D94CC770C3}.RelWithDebInfo|x64.Build.0 = RelWithDebInfo|x64
	EndGlobalSection
	GlobalSection(NestedProjects) = preSolution
		{A78A1FBA-8706-3914-BD6D-F900CB40E821} = {71201C17-0A80-3055-89FC-AD2E5F66A6DC}
		{D6DFBD54-7DCA-36AE-B538-848282B437B3} = {71201C17-0A80-3055-89FC-AD2E5F66A6DC}
		{509593F2-C2BF-3DE2-8AB4-48D94CC770C3} = {71201C17-0A80-3055-89FC-AD2E5F66A6DC}
	EndGlobalSection
	GlobalSection(ExtensibilityGlobals) = postSolution
		SolutionGuid = {1AE8DF58-F00F-3AB9-8E7D-C96DD29D405B}
	EndGlobalSection
	GlobalSection(ExtensibilityAddIns) = postSolution
	EndGlobalSection
EndGlobal
