<?xml version="1.0" encoding="utf-8"?>
<Project ToolsVersion="17.0" xmlns="http://schemas.microsoft.com/developer/msbuild/2003">
  <ItemGroup>
    <ClCompile Include="C:\Users\Administrator\source\repos\Axiom\Axiom\src\Axiom\App\Application.cpp">
      <Filter>Source Files</Filter>
    </ClCompile>
    <ClCompile Include="C:\Users\Administrator\source\repos\Axiom\Axiom\src\Axiom\App\EntryPoint.cpp">
      <Filter>Source Files</Filter>
    </ClCompile>
    <ClCompile Include="C:\Users\Administrator\source\repos\Axiom\Axiom\src\Axiom\App\UI\UIWindow.cpp">
      <Filter>Source Files</Filter>
    </ClCompile>
    <ClCompile Include="C:\Users\Administrator\source\repos\Axiom\Axiom\src\Axiom\App\UI\Widget.cpp">
      <Filter>Source Files</Filter>
    </ClCompile>
    <ClCompile Include="C:\Users\Administrator\source\repos\Axiom\Axiom\src\Axiom\App\Window.cpp">
      <Filter>Source Files</Filter>
    </ClCompile>
    <ClCompile Include="C:\Users\Administrator\source\repos\Axiom\Axiom\src\Axiom\App\WindowManager.cpp">
      <Filter>Source Files</Filter>
    </ClCompile>
    <ClCompile Include="C:\Users\Administrator\source\repos\Axiom\Axiom\src\Axiom\Core\Allocator.cpp">
      <Filter>Source Files</Filter>
    </ClCompile>
    <ClCompile Include="C:\Users\Administrator\source\repos\Axiom\Axiom\src\Axiom\Core\AssetManager.cpp">
      <Filter>Source Files</Filter>
    </ClCompile>
    <ClCompile Include="C:\Users\Administrator\source\repos\Axiom\Axiom\src\Axiom\Core\BlockAllocator.cpp">
      <Filter>Source Files</Filter>
    </ClCompile>
    <ClCompile Include="C:\Users\Administrator\source\repos\Axiom\Axiom\src\Axiom\Core\Logger.cpp">
      <Filter>Source Files</Filter>
    </ClCompile>
    <ClCompile Include="C:\Users\Administrator\source\repos\Axiom\Axiom\src\Axiom\Core\Memory.cpp">
      <Filter>Source Files</Filter>
    </ClCompile>
    <ClCompile Include="C:\Users\Administrator\source\repos\Axiom\Axiom\src\Axiom\Core\String.cpp">
      <Filter>Source Files</Filter>
    </ClCompile>
    <ClCompile Include="C:\Users\Administrator\source\repos\Axiom\Axiom\src\Axiom\MultiThreading\ParallelFor.cpp">
      <Filter>Source Files</Filter>
    </ClCompile>
    <ClCompile Include="C:\Users\Administrator\source\repos\Axiom\Axiom\src\Axiom\MultiThreading\ThreadPool.cpp">
      <Filter>Source Files</Filter>
    </ClCompile>
    <ClCompile Include="C:\Users\Administrator\source\repos\Axiom\Axiom\src\Axiom\Render\DX12\D3D12Core.cpp">
      <Filter>Source Files</Filter>
    </ClCompile>
    <ClCompile Include="C:\Users\Administrator\source\repos\Axiom\AxiomPlatform\src\GLFW\AxiomPlatform\App\GLFWEvents.cpp">
      <Filter>Source Files</Filter>
    </ClCompile>
    <ClCompile Include="C:\Users\Administrator\source\repos\Axiom\AxiomPlatform\src\GLFW\AxiomPlatform\App\GLFWWindow.cpp">
      <Filter>Source Files</Filter>
    </ClCompile>
    <ClCompile Include="C:\Users\Administrator\source\repos\Axiom\AxiomPlatform\src\Windows\AxiomPlatform\App\WindowsPlatform.cpp">
      <Filter>Source Files</Filter>
    </ClCompile>
  </ItemGroup>
  <ItemGroup>
    <ClInclude Include="C:\Users\Administrator\source\repos\Axiom\Axiom\src\Axiom\App\Application.hpp">
      <Filter>Header Files</Filter>
    </ClInclude>
    <ClInclude Include="C:\Users\Administrator\source\repos\Axiom\Axiom\src\Axiom\App\PlatformBase.hpp">
      <Filter>Header Files</Filter>
    </ClInclude>
    <ClInclude Include="C:\Users\Administrator\source\repos\Axiom\Axiom\src\Axiom\App\UI\UIWindow.hpp">
      <Filter>Header Files</Filter>
    </ClInclude>
    <ClInclude Include="C:\Users\Administrator\source\repos\Axiom\Axiom\src\Axiom\App\UI\Widget.hpp">
      <Filter>Header Files</Filter>
    </ClInclude>
    <ClInclude Include="C:\Users\Administrator\source\repos\Axiom\Axiom\src\Axiom\App\Window.hpp">
      <Filter>Header Files</Filter>
    </ClInclude>
    <ClInclude Include="C:\Users\Administrator\source\repos\Axiom\Axiom\src\Axiom\App\WindowManager.hpp">
      <Filter>Header Files</Filter>
    </ClInclude>
    <ClInclude Include="C:\Users\Administrator\source\repos\Axiom\Axiom\src\Axiom\Core\Algorithms.hpp">
      <Filter>Header Files</Filter>
    </ClInclude>
    <ClInclude Include="C:\Users\Administrator\source\repos\Axiom\Axiom\src\Axiom\Core\Allocator.hpp">
      <Filter>Header Files</Filter>
    </ClInclude>
    <ClInclude Include="C:\Users\Administrator\source\repos\Axiom\Axiom\src\Axiom\Core\Archive.hpp">
      <Filter>Header Files</Filter>
    </ClInclude>
    <ClInclude Include="C:\Users\Administrator\source\repos\Axiom\Axiom\src\Axiom\Core\Array.hpp">
      <Filter>Header Files</Filter>
    </ClInclude>
    <ClInclude Include="C:\Users\Administrator\source\repos\Axiom\Axiom\src\Axiom\Core\AssetManager.hpp">
      <Filter>Header Files</Filter>
    </ClInclude>
    <ClInclude Include="C:\Users\Administrator\source\repos\Axiom\Axiom\src\Axiom\Core\BlockAllocator.hpp">
      <Filter>Header Files</Filter>
    </ClInclude>
    <ClInclude Include="C:\Users\Administrator\source\repos\Axiom\Axiom\src\Axiom\Core\Common.hpp">
      <Filter>Header Files</Filter>
    </ClInclude>
    <ClInclude Include="C:\Users\Administrator\source\repos\Axiom\Axiom\src\Axiom\Core\Containers\LinkedList.hpp">
      <Filter>Header Files</Filter>
    </ClInclude>
    <ClInclude Include="C:\Users\Administrator\source\repos\Axiom\Axiom\src\Axiom\Core\Containers\ObjArray.hpp">
      <Filter>Header Files</Filter>
    </ClInclude>
    <ClInclude Include="C:\Users\Administrator\source\repos\Axiom\Axiom\src\Axiom\Core\Containers\Queue.hpp">
      <Filter>Header Files</Filter>
    </ClInclude>
    <ClInclude Include="C:\Users\Administrator\source\repos\Axiom\Axiom\src\Axiom\Core\Containers\Stack.hpp">
      <Filter>Header Files</Filter>
    </ClInclude>
    <ClInclude Include="C:\Users\Administrator\source\repos\Axiom\Axiom\src\Axiom\Core\Enum.hpp">
      <Filter>Header Files</Filter>
    </ClInclude>
    <ClInclude Include="C:\Users\Administrator\source\repos\Axiom\Axiom\src\Axiom\Core\Logger.hpp">
      <Filter>Header Files</Filter>
    </ClInclude>
    <ClInclude Include="C:\Users\Administrator\source\repos\Axiom\Axiom\src\Axiom\Core\Memory.hpp">
      <Filter>Header Files</Filter>
    </ClInclude>
    <ClInclude Include="C:\Users\Administrator\source\repos\Axiom\Axiom\src\Axiom\Core\MemoryArchive.hpp">
      <Filter>Header Files</Filter>
    </ClInclude>
    <ClInclude Include="C:\Users\Administrator\source\repos\Axiom\Axiom\src\Axiom\Core\Optional.hpp">
      <Filter>Header Files</Filter>
    </ClInclude>
    <ClInclude Include="C:\Users\Administrator\source\repos\Axiom\Axiom\src\Axiom\Core\Pair.hpp">
      <Filter>Header Files</Filter>
    </ClInclude>
    <ClInclude Include="C:\Users\Administrator\source\repos\Axiom\Axiom\src\Axiom\Core\Random.hpp">
      <Filter>Header Files</Filter>
    </ClInclude>
    <ClInclude Include="C:\Users\Administrator\source\repos\Axiom\Axiom\src\Axiom\Core\RawByteStorage.hpp">
      <Filter>Header Files</Filter>
    </ClInclude>
    <ClInclude Include="C:\Users\Administrator\source\repos\Axiom\Axiom\src\Axiom\Core\ScopedTimer.hpp">
      <Filter>Header Files</Filter>
    </ClInclude>
    <ClInclude Include="C:\Users\Administrator\source\repos\Axiom\Axiom\src\Axiom\Core\SharedPtr.hpp">
      <Filter>Header Files</Filter>
    </ClInclude>
    <ClInclude Include="C:\Users\Administrator\source\repos\Axiom\Axiom\src\Axiom\Core\String.hpp">
      <Filter>Header Files</Filter>
    </ClInclude>
    <ClInclude Include="C:\Users\Administrator\source\repos\Axiom\Axiom\src\Axiom\Core\TemplateBase.hpp">
      <Filter>Header Files</Filter>
    </ClInclude>
    <ClInclude Include="C:\Users\Administrator\source\repos\Axiom\Axiom\src\Axiom\Core\Timer.hpp">
      <Filter>Header Files</Filter>
    </ClInclude>
    <ClInclude Include="C:\Users\Administrator\source\repos\Axiom\Axiom\src\Axiom\Core\Tuple.hpp">
      <Filter>Header Files</Filter>
    </ClInclude>
    <ClInclude Include="C:\Users\Administrator\source\repos\Axiom\Axiom\src\Axiom\Core\TypeID.hpp">
      <Filter>Header Files</Filter>
    </ClInclude>
    <ClInclude Include="C:\Users\Administrator\source\repos\Axiom\Axiom\src\Axiom\CoreMinimal.hpp">
      <Filter>Header Files</Filter>
    </ClInclude>
    <ClInclude Include="C:\Users\Administrator\source\repos\Axiom\Axiom\src\Axiom\Engine.hpp">
      <Filter>Header Files</Filter>
    </ClInclude>
    <ClInclude Include="C:\Users\Administrator\source\repos\Axiom\Axiom\src\Axiom\Framework\ECS.hpp">
      <Filter>Header Files</Filter>
    </ClInclude>
    <ClInclude Include="C:\Users\Administrator\source\repos\Axiom\Axiom\src\Axiom\Framework\Object.hpp">
      <Filter>Header Files</Filter>
    </ClInclude>
    <ClInclude Include="C:\Users\Administrator\source\repos\Axiom\Axiom\src\Axiom\Math\All.hpp">
      <Filter>Header Files</Filter>
    </ClInclude>
    <ClInclude Include="C:\Users\Administrator\source\repos\Axiom\Axiom\src\Axiom\Math\Camera.hpp">
      <Filter>Header Files</Filter>
    </ClInclude>
    <ClInclude Include="C:\Users\Administrator\source\repos\Axiom\Axiom\src\Axiom\Math\Color.hpp">
      <Filter>Header Files</Filter>
    </ClInclude>
    <ClInclude Include="C:\Users\Administrator\source\repos\Axiom\Axiom\src\Axiom\Math\Math.hpp">
      <Filter>Header Files</Filter>
    </ClInclude>
    <ClInclude Include="C:\Users\Administrator\source\repos\Axiom\Axiom\src\Axiom\Math\MathConstants.hpp">
      <Filter>Header Files</Filter>
    </ClInclude>
    <ClInclude Include="C:\Users\Administrator\source\repos\Axiom\Axiom\src\Axiom\Math\Matrix.hpp">
      <Filter>Header Files</Filter>
    </ClInclude>
    <ClInclude Include="C:\Users\Administrator\source\repos\Axiom\Axiom\src\Axiom\Math\Matrix3.hpp">
      <Filter>Header Files</Filter>
    </ClInclude>
    <ClInclude Include="C:\Users\Administrator\source\repos\Axiom\Axiom\src\Axiom\Math\Matrix4.hpp">
      <Filter>Header Files</Filter>
    </ClInclude>
    <ClInclude Include="C:\Users\Administrator\source\repos\Axiom\Axiom\src\Axiom\Math\Matrix4d.hpp">
      <Filter>Header Files</Filter>
    </ClInclude>
    <ClInclude Include="C:\Users\Administrator\source\repos\Axiom\Axiom\src\Axiom\Math\Quaternion.hpp">
      <Filter>Header Files</Filter>
    </ClInclude>
    <ClInclude Include="C:\Users\Administrator\source\repos\Axiom\Axiom\src\Axiom\Math\SIMDCommon.hpp">
      <Filter>Header Files</Filter>
    </ClInclude>
    <ClInclude Include="C:\Users\Administrator\source\repos\Axiom\Axiom\src\Axiom\Math\Transform.hpp">
      <Filter>Header Files</Filter>
    </ClInclude>
    <ClInclude Include="C:\Users\Administrator\source\repos\Axiom\Axiom\src\Axiom\Math\Vector.hpp">
      <Filter>Header Files</Filter>
    </ClInclude>
    <ClInclude Include="C:\Users\Administrator\source\repos\Axiom\Axiom\src\Axiom\Math\Vector4.hpp">
      <Filter>Header Files</Filter>
    </ClInclude>
    <ClInclude Include="C:\Users\Administrator\source\repos\Axiom\Axiom\src\Axiom\MultiThreading\Common.hpp">
      <Filter>Header Files</Filter>
    </ClInclude>
    <ClInclude Include="C:\Users\Administrator\source\repos\Axiom\Axiom\src\Axiom\MultiThreading\ParallelFor.hpp">
      <Filter>Header Files</Filter>
    </ClInclude>
    <ClInclude Include="C:\Users\Administrator\source\repos\Axiom\Axiom\src\Axiom\MultiThreading\Semaphore.hpp">
      <Filter>Header Files</Filter>
    </ClInclude>
    <ClInclude Include="C:\Users\Administrator\source\repos\Axiom\Axiom\src\Axiom\MultiThreading\ThreadPool.hpp">
      <Filter>Header Files</Filter>
    </ClInclude>
    <ClInclude Include="C:\Users\Administrator\source\repos\Axiom\Axiom\src\Axiom\Render\DX12\D3D12CommonHeaders.hpp">
      <Filter>Header Files</Filter>
    </ClInclude>
    <ClInclude Include="C:\Users\Administrator\source\repos\Axiom\Axiom\src\Axiom\Render\DX12\D3D12Core.hpp">
      <Filter>Header Files</Filter>
    </ClInclude>
    <ClInclude Include="C:\Users\Administrator\source\repos\Axiom\AxiomPlatform\src\GLFW\AxiomPlatform\App\GLFW.hpp">
      <Filter>Header Files</Filter>
    </ClInclude>
    <ClInclude Include="C:\Users\Administrator\source\repos\Axiom\AxiomPlatform\src\GLFW\AxiomPlatform\App\GLFWEvents.hpp">
      <Filter>Header Files</Filter>
    </ClInclude>
    <ClInclude Include="C:\Users\Administrator\source\repos\Axiom\AxiomPlatform\src\GLFW\AxiomPlatform\App\GLFWWindow.hpp">
      <Filter>Header Files</Filter>
    </ClInclude>
    <ClInclude Include="src\Axiom\Core\Bitset.hpp" />
  </ItemGroup>
  <ItemGroup>
    <CustomBuild Include="C:\Users\Administrator\source\repos\Axiom\Axiom\CMakeLists.txt" />
  </ItemGroup>
  <ItemGroup>
    <Filter Include="Header Files">
      <UniqueIdentifier>{07A76CE0-959F-3935-A452-96EAABC8ACF7}</UniqueIdentifier>
    </Filter>
    <Filter Include="Source Files">
      <UniqueIdentifier>{646962D6-8C46-3FCD-88F9-F686E2CA3B79}</UniqueIdentifier>
    </Filter>
  </ItemGroup>
</Project>